{
  "lockfileVersion": 1,
  "configVersion": 1,
  "workspaces": {
    "": {
      "name": "sindri-extensions",
      "devDependencies": {
        "@phosphor-icons/core": "^2.1.1",
        "@tabler/icons": "^3.44.0",
        "lucide-static": "^1.17.0",
        "simple-icons": "^16.23.0",
      },
    },
  },
  "packages": {
    "@phosphor-icons/core": ["@phosphor-icons/core@2.1.1", "", {}, "sha512-v4ARvrip4qBCImOE5rmPUylOEK4iiED9ZyKjcvzuezqMaiRASCHKcRIuvvxL/twvLpkfnEODCOJp5dM4eZilxQ=="],

    "@tabler/icons": ["@tabler/icons@3.44.0", "", {}, "sha512-Wn0AOZG9sg0L+bjfMqq4eNhC6pQjIrk94LvvWYNYkY8KH8wC3YILRzQlrnVJc4FUeMxH/AK97QsYCX35H3LndA=="],

    "lucide-static": ["lucide-static@1.17.0", "", {}, "sha512-VORJmPqi4DZ5lf4/n2qqcIz1nTKGFReS83DJINcK5nXY7z+4P3G6CW/7SXpzlGllEI0vHKFH24eSM+aMFaK5zw=="],

    "simple-icons": ["simple-icons@16.23.0", "", {}, "sha512-08MaTpxj9zGYUIe38tfELYkaHiGE1YgbrbXmTBf+GPxi5mEqLSORQqOXrP0QKPdaFuzEDSmW5o4xkbLlFhmdCw=="],
  }
}
